{
  "name": "wx-mini-program-user",
  "version": "1.0.8",
  "lockfileVersion": 1,
  "requires": true,
  "dependencies": {
    "sx-event": {
      "version": "1.0.4",
      "resolved": "https://registry.npmjs.org/sx-event/-/sx-event-1.0.4.tgz",
      "integrity": "sha512-+KuPCCY293JsvxD2It4lVXfRS43NWR3m3IbeaA62YuBS68HNUCXg/VTymmOhbZTpseVbmSxV93p07E7XwYZwoQ=="
    },
    "sx-user": {
      "version": "1.0.5",
      "resolved": "https://registry.npmjs.org/sx-user/-/sx-user-1.0.5.tgz",
      "integrity": "sha512-/kk6t8NtSK6Tcnm46qI1qC1VRz6IDsa8nUJ0ttaPeKoCPP6UCwFgIzRrTP4xaBaBo0xiqKmTKwULNe9DJN1cdA==",
      "requires": {
        "sx-event": "^1.0.4"
      }
    }
  }
}
